version = 1
revision = 3
requires-python = "==3.12.*"

[[package]]
name = "colorama"
version = "0.4.6"
source = { registry = "https://pypi.org/simple" }
sdist = { url = "https://files.pythonhosted.org/packages/d8/53/6f443c9a4a8358a93a6792e2acffb9d9d5cb0a5cfd8802644b7b1c9a02e4/colorama-0.4.6.tar.gz", hash = "sha256:08695f5cb7ed6e0531a20572697297273c47b8cae5a63ffc6d6ed5c201be6e44", size = 27697, upload-time = "2022-10-25T02:36:22.414Z" }
wheels = [
    { url = "https://files.pythonhosted.org/packages/d1/d6/3965ed04c63042e047cb6a3e6ed1a63a35087b6a609aa3a15ed8ac56c221/colorama-0.4.6-py2.py3-none-any.whl", hash = "sha256:4f1d9991f5acc0ca119f9d443620b77f9d6b33703e51011c16baf57afb285fc6", size = 25335, upload-time = "2022-10-25T02:36:20.889Z" },
]

[[package]]
name = "editables"
version = "0.6"
source = { registry = "https://pypi.org/simple" }
sdist = { url = "https://files.pythonhosted.org/packages/82/f8/02a4e9a0cb961b0feeb431ac96b231c157ecdcbbeacafe9e2fdb4b1dde39/editables-0.6.tar.gz", hash = "sha256:1163834902381c4613787951c5914800fdf155ae08848a373b8ea5006780977c", size = 16763, upload-time = "2026-04-14T10:39:04.677Z" }
wheels = [
    { url = "https://files.pythonhosted.org/packages/cc/0e/d095533037fc9468f947b19f2da53f869804632b508808de41e86e801797/editables-0.6-py3-none-any.whl", hash = "sha256:d70e4698078a1d033e7786d9c64e5be070d058a67c21417024d38a58ac20aa43", size = 5438, upload-time = "2026-04-14T10:39:03.663Z" },
]

[[package]]
name = "hatchling"
version = "1.32.4"
source = { registry = "https://pypi.org/simple" }
dependencies = [
    { name = "packaging" },
    { name = "pathspec" },
    { name = "pluggy" },
    { name = "tomlkit" },
    { name = "trove-classifiers" },
]
sdist = { url = "https://files.pythonhosted.org/packages/f6/97/b5312f01a8c6daf729a9d272dd442e0c546dbcc630495788786c4b567ed0/hatchling-1.32.4.tar.gz", hash = "sha256:c4468f73144c054d2aab4ef0f0378c43b9878bf07f8ffd6b79690e970d375f07", size = 58065, upload-time = "2026-09-20T22:48:45.398Z" }
wheels = [
    { url = "https://files.pythonhosted.org/packages/5f/80/91f51f439c05d4ec4623c22928ce16a938d6d793bf709477830823497859/hatchling-1.32.4-py3-none-any.whl", hash = "sha256:08ecf7548fb48205e7f213d70c71e67b8271b7242093dc3f1da578b42c734a2c", size = 78748, upload-time = "2026-09-20T22:48:44.19Z" },
]

[[package]]
name = "imageio"
version = "2.38.0"
source = { registry = "https://pypi.org/simple" }
dependencies = [
    { name = "numpy" },
    { name = "pillow" },
]
sdist = { url = "https://files.pythonhosted.org/packages/81/c8/2b56274457e4fadcfa86bf7c0fb93f19e124ab8f38f4bfa4372423052046/imageio-2.38.0.tar.gz", hash = "sha256:fe1d406862f6bc2930e8ec662d7bc40d4370cb76e3390dcd33819560d2708531", size = 403333, upload-time = "2026-09-28T07:44:08.101Z" }
wheels = [
    { url = "https://files.pythonhosted.org/packages/ba/4b/87a794e51d150f62a55715c453c9afbf6103fe24afef6db26a929a8480b7/imageio-2.38.0-py3-none-any.whl", hash = "sha256:474ea3a39e36e0e8e02d81d7f10412aaecec7a2825e5fbc4f44cbcd7bb7cebfc", size = 328055, upload-time = "2026-09-28T07:44:06.169Z" },
]

[[package]]
name = "iniconfig"
version = "2.3.1"
source = { registry = "https://pypi.org/simple" }
sdist = { url = "https://files.pythonhosted.org/packages/01/e1/2069291243c926a2ff1cd706c7f3eeb9b62144bf60f77c9fb9ff2fb26bd3/iniconfig-2.3.1.tar.gz", hash = "sha256:67f4b9c50da0dedf52af349e7749a80a9057a5031199791b906c3bb3ae878960", size = 21209, upload-time = "2026-10-06T22:48:38.076Z" }
wheels = [
    { url = "https://files.pythonhosted.org/packages/56/43/4ca9e49d27a1fcf6bece6f6aec0ea46bb9112489b93d4b688fb415457bdb/iniconfig-2.3.1-py3-none-any.whl", hash = "sha256:9121e2c1fdb355232495be3194c8dfe87ccc2d5dee45947b78e68f499790d7a7", size = 7552, upload-time = "2026-10-06T22:48:36.959Z" },
]

[[package]]
name = "lazy-loader"
version = "0.6"
source = { registry = "https://pypi.org/simple" }
dependencies = [
    { name = "packaging" },
]
sdist = { url = "https://files.pythonhosted.org/packages/19/8c/0f2ff2a8b7513e68871a74740c17a504b0488c679b379e6445ebb7bd78dc/lazy_loader-0.6.tar.gz", hash = "sha256:2f4b7824d6401958639008a0cae20c776b61dff619accd6890693e2de8260167", size = 18438, upload-time = "2026-09-21T21:31:32.982Z" }
wheels = [
    { url = "https://files.pythonhosted.org/packages/23/93/4e45e37f26c820216704b36b8e67cc55c490a7abd287a78a26a2c0e21386/lazy_loader-0.6-py3-none-any.whl", hash = "sha256:77253be3391b06124a0e16105bd663b6c54470af1a9ca8e1cf026f38d58ed056", size = 8791, upload-time = "2026-09-21T21:31:31.632Z" },
]

[[package]]
name = "networkx"
version = "3.7"
source = { registry = "https://pypi.org/simple" }
sdist = { url = "https://files.pythonhosted.org/packages/dc/76/3af777226b63a5e64a6b36b1ec5855c14e2b94a37096d4760e595fc43511/networkx-3.7.tar.gz", hash = "sha256:fd77a511bd90f39f3d016351345b52cf5319b813bdca01de3f755d3cca62e96a", size = 1866482, upload-time = "2026-09-21T16:45:16.974Z" }
wheels = [
    { url = "https://files.pythonhosted.org/packages/7e/cd/fe58041e9011f307c490e3e17dd48cc516448f7c698a3f2d9d9d65d7e6a8/networkx-3.7-py3-none-any.whl", hash = "sha256:e3fd2c13a7814cee3746340d8d7f8598a67f16a58bf47fb7f8793fab6efca1b0", size = 2142205, upload-time = "2026-09-21T16:45:14.609Z" },
]

[[package]]
name = "numpy"
version = "2.5.3"
source = { registry = "https://pypi.org/simple" }
sdist = { url = "https://files.pythonhosted.org/packages/13/01/11703282db468b85f6f7b8c7f22d058de5970d5c7e60a3a8aaa313c3de36/numpy-2.5.3.tar.gz", hash = "sha256:df2d5874ff183595a4ba404edd04f6bd9b5505c1d7708573f6a6c17489a67563", size = 20791231, upload-time = "2026-09-06T16:27:47.073Z" }
wheels = [
    { url = "https://files.pythonhosted.org/packages/d6/50/8fdbb16af64895706a45f06a4068e29db732ec180f3c1375f14123359138/numpy-2.5.3-cp312-cp312-macosx_10_13_x86_64.whl", hash = "sha256:cb189f09db39283b26bfd061ec16189e14f71c6755207f72a0f7540867afe5b9", size = 16994982, upload-time = "2026-09-06T16:24:29.244Z" },
    { url = "https://files.pythonhosted.org/packages/60/39/789131c1188c078dcb3a1692e72e1e050c68b88ffe72c9ccaac9bcd7a9cd/numpy-2.5.3-cp312-cp312-macosx_11_0_arm64.whl", hash = "sha256:f59a878c33d6b88122d80d239bb3b845d58708750b0cb06a09aebb9b18ec696c", size = 12009327, upload-time = "2026-09-06T16:24:32.491Z" },
    { url = "https://files.pythonhosted.org/packages/9c/59/a312e95696e5f601914dd8b6dd844692ba61670807417e24b68e337b5c70/numpy-2.5.3-cp312-cp312-macosx_14_0_arm64.whl", hash = "sha256:a72f874bc9e10e4b8f80426fb49716d5141f64442a0c8418065093ec8017fbb0", size = 5445405, upload-time = "2026-09-06T16:24:35.071Z" },
    { url = "https://files.pythonhosted.org/packages/30/d0/5623a1707ed4fe16e3909fe3cf5ee3da004ae677ad23d83bbf3adf1a6faf/numpy-2.5.3-cp312-cp312-macosx_14_0_x86_64.whl", hash = "sha256:fc36dc566135b5eceec4cf89758fcb719266a019ef07dae1754ae7c9f617ef3e", size = 6783213, upload-time = "2026-09-06T16:24:37.253Z" },
    { url = "https://files.pythonhosted.org/packages/f1/32/84146fc020ad3c25f805f70ab60da46fe3c540a21369754a7e4369754b6f/numpy-2.5.3-cp312-cp312-manylinux_2_27_aarch64.manylinux_2_28_aarch64.whl", hash = "sha256:76c2c1e6bfa5c84adc6434dfbf013aa92096a7985221762c8f11fedfd20fff58", size = 15687872, upload-time = "2026-09-06T16:24:39.751Z" },
    { url = "https://files.pythonhosted.org/packages/65/af/aa78d1a88805456e212b65461354cd943197fb9acecc4c90fd12295123a3/numpy-2.5.3-cp312-cp312-manylinux_2_27_x86_64.manylinux_2_28_x86_64.whl", hash = "sha256:b7e18c623bb5c95acb3b3328861272816ba199fb531921c5d6d0b675f1fde9e3", size = 16717410, upload-time = "2026-09-06T16:24:42.745Z" },
    { url = "https://files.pythonhosted.org/packages/3b/24/faa79d865e69a97ba17473b23a1b74094b2259c03e820c70297293b9ea49/numpy-2.5.3-cp312-cp312-musllinux_1_2_aarch64.whl", hash = "sha256:4f8929ee6c96bfbd7b4ed2032e0c03af86fe1826740ab61ddabf9072d06e57ff", size = 17040975, upload-time = "2026-09-06T16:24:45.961Z" },
    { url = "https://files.pythonhosted.org/packages/62/4a/8877e629445a7176297dffcaf9c485faa96a95d81728a62521ad55bd4c0f/numpy-2.5.3-cp312-cp312-musllinux_1_2_x86_64.whl", hash = "sha256:b5d93cf48f687479941d12b69c873ad2cc76bbd487f0091c2200636497f34034", size = 18476479, upload-time = "2026-09-06T16:24:49.35Z" },
    { url = "https://files.pythonhosted.org/packages/c8/db/35e1c2d38b04cbd5b731f9d71495e055e813197669d22b612f11748d2ff9/numpy-2.5.3-cp312-cp312-win32.whl", hash = "sha256:bf63afbe037eb5d2fe87fbcc7778e61da53ebaf21d938a4515aa73b62532a5d4", size = 6133378, upload-time = "2026-09-06T16:24:51.915Z" },
    { url = "https://files.pythonhosted.org/packages/3c/a1/accf6d4f0c80c5d9ba9735d6b1550e444180599f34dec69ca01360f717ad/numpy-2.5.3-cp312-cp312-win_amd64.whl", hash = "sha256:0a59a421a32580a009e8a1751345bf829631b990dc1794b80514ab722b435def", size = 12567828, upload-time = "2026-09-06T16:24:54.255Z" },
    { url = "https://files.pythonhosted.org/packages/22/43/1764aff32e4652526ae2f71fa8b3efd8d25c8a3d6926914454e47138ed1e/numpy-2.5.3-cp312-cp312-win_arm64.whl", hash = "sha256:ccb32e0525d29e8b0572eb84c9a57af0e7a4e615726927506f55063c62414034", size = 10485432, upload-time = "2026-09-06T16:24:57.278Z" },
]

[[package]]
name = "opencv-contrib-python-headless"
version = "4.14.0.94"
source = { registry = "https://pypi.org/simple" }
dependencies = [
    { name = "numpy" },
]
sdist = { url = "https://files.pythonhosted.org/packages/47/36/cc620b8809235d50f3713b1b592fcd2f117e41322a10fb37e6d332b8e7b8/opencv_contrib_python_headless-4.14.0.94.tar.gz", hash = "sha256:6cd98a20010c80bf9e6a9cff6189dd2c10bd111fb0aa4d5c6361389514a0ff6c", size = 151872798, upload-time = "2026-07-28T19:22:29.226Z" }
wheels = [
    { url = "https://files.pythonhosted.org/packages/1e/60/8c2f1e48954d56e1d672b02ed18f577f9de24c2d29fb98e345b1b79d43a0/opencv_contrib_python_headless-4.14.0.94-cp37-abi3-macosx_13_0_arm64.whl", hash = "sha256:5f3b3eaa8390356da6b82828b6d63af10b24fa9ffdc056c5aceedc5457dad602", size = 52286804, upload-time = "2026-07-29T03:52:17.077Z" },
    { url = "https://files.pythonhosted.org/packages/e9/4f/45616c195dc9747a2eed832ac87f47c7ab034e0770465c92bd5bfd160b70/opencv_contrib_python_headless-4.14.0.94-cp37-abi3-macosx_14_0_x86_64.whl", hash = "sha256:e122e46efe6abf0023d297cb5691a56dfd7395cdff794711e36ea508f128d0e4", size = 39342631, upload-time = "2026-07-28T20:06:03.401Z" },
    { url = "https://files.pythonhosted.org/packages/4b/ef/f49b6fc1d443e0060503ec91c194d5a0bc1059f38d867d5ad618d63ebf9a/opencv_contrib_python_headless-4.14.0.94-cp37-abi3-manylinux2014_aarch64.manylinux_2_17_aarch64.whl", hash = "sha256:0e7ae8c2cda93d2a2ae790d75f226afefb98b3755e9f5773a84d250171f3a1e2", size = 41061918, upload-time = "2026-07-28T19:15:15.378Z" },
    { url = "https://files.pythonhosted.org/packages/fa/14/c64ee2785ea78e8f63cba05a0fc1fc954864933a34420171dfaa4d0bc27b/opencv_contrib_python_headless-4.14.0.94-cp37-abi3-manylinux2014_x86_64.manylinux_2_17_x86_64.whl", hash = "sha256:4c0a7f18921a010b7418b2059d934ab9206b20cc1b13bd9eac97307f5d973c3e", size = 63665343, upload-time = "2026-07-28T19:16:05.566Z" },
    { url = "https://files.pythonhosted.org/packages/85/07/a98dfcb7609a5a9c8d5fb2ef7171374433f18590ae4672145a3a017752cd/opencv_contrib_python_headless-4.14.0.94-cp37-abi3-manylinux_2_28_aarch64.whl", hash = "sha256:2a821a02a87a10961c9e37beffd22e81458d996ca80902080e6d737e3c719f1a", size = 43246994, upload-time = "2026-07-28T19:16:31.286Z" },
    { url = "https://files.pythonhosted.org/packages/88/92/a4ad45bfd93398b6a57601b078d4821cfa542610a786fde293b8f77804ea/opencv_contrib_python_headless-4.14.0.94-cp37-abi3-manylinux_2_28_x86_64.whl", hash = "sha256:3ee9718fc1eb2d4439c72ec6ad65831ff6d0802ff6eacab834905d67686f2a38", size = 68184831, upload-time = "2026-07-28T19:17:04.183Z" },
    { url = "https://files.pythonhosted.org/packages/de/49/0d7ad65e9b3d90dc77ed53af1c2ba3feb05012029c00d028244308d32e0c/opencv_contrib_python_headless-4.14.0.94-cp37-abi3-win32.whl", hash = "sha256:69d97639c66454c69fbabf919cd163c2241930bca753c317c922f7cb4c7a67b6", size = 38934044, upload-time = "2026-07-28T18:32:46.512Z" },
    { url = "https://files.pythonhosted.org/packages/44/95/a7bef7e3f059bcf450638a56485fb1d83ef3c3ebc06bae4a8f96ff30793d/opencv_contrib_python_headless-4.14.0.94-cp37-abi3-win_amd64.whl", hash = "sha256:498ee35b13a4f1274564634d4d45ed19edd7949db8b548b84fcbabacc54aa2ed", size = 47303290, upload-time = "2026-07-28T18:32:43.335Z" },
]

[[package]]
name = "packaging"
version = "26.3"
source = { registry = "https://pypi.org/simple" }
sdist = { url = "https://files.pythonhosted.org/packages/7d/fa/3944b40b07da9ce895c0e6303a5ab7d53da063554f534556b134a54d6093/packaging-26.3.tar.gz", hash = "sha256:94edc256424af38762eb31306eed28beb9f0efc50a8837492c9d6fd6004aed79", size = 313412, upload-time = "2026-08-04T18:15:28.737Z" }
wheels = [
    { url = "https://files.pythonhosted.org/packages/63/34/ba1c580383c9eada3711951fef0795c80b829a078d72188184bcab9dd527/packaging-26.3-py3-none-any.whl", hash = "sha256:d7193f7c8e4e93f444fde0262bf90af30e16fa0ad0ad44cb553c87339b23cd1c", size = 129956, upload-time = "2026-08-04T18:15:27.159Z" },
]

[[package]]
name = "pathspec"
version = "1.1.1"
source = { registry = "https://pypi.org/simple" }
sdist = { url = "https://files.pythonhosted.org/packages/5a/82/42f767fc1c1143d6fd36efb827202a2d997a375e160a71eb2888a925aac1/pathspec-1.1.1.tar.gz", hash = "sha256:17db5ecd524104a120e173814c90367a96a98d07c45b2e10c2f3919fff91bf5a", size = 135180, upload-time = "2026-04-27T01:46:08.907Z" }
wheels = [
    { url = "https://files.pythonhosted.org/packages/f1/d9/7fb5aa316bc299258e68c73ba3bddbc499654a07f151cba08f6153988714/pathspec-1.1.1-py3-none-any.whl", hash = "sha256:a00ce642f577bf7f473932318056212bc4f8bfdf53128c78bbd5af0b9b20b189", size = 57328, upload-time = "2026-04-27T01:46:07.06Z" },
]

[[package]]
name = "pillow"
version = "12.3.0"
source = { registry = "https://pypi.org/simple" }
sdist = { url = "https://files.pythonhosted.org/packages/1c/3d/bb7fca845737cf9d7dbde16ed1843984665ff2e0a518f5db43e77ec540b9/pillow-12.3.0.tar.gz", hash = "sha256:3b8182a766685eaa002637e28b4ec8d6b18819a0c71f579bf0dbaa5830297cce", size = 47025035, upload-time = "2026-07-01T11:56:38.965Z" }
wheels = [
    { url = "https://files.pythonhosted.org/packages/37/bf/fb3ebff8ddcb76aac5a01389251bbbb9519922a9b520d8247c1ca864a25d/pillow-12.3.0-cp312-cp312-macosx_10_13_x86_64.whl", hash = "sha256:ba09209fbe443b4acccebe845d8a138b89a8f4fbaeedd44953490b5315d5e965", size = 5345969, upload-time = "2026-07-01T11:54:06.397Z" },
    { url = "https://files.pythonhosted.org/packages/d8/66/9a386a92561f402389a4fc70c18838bf6d35eb5eb5c6850b4b2dc64f5048/pillow-12.3.0-cp312-cp312-macosx_11_0_arm64.whl", hash = "sha256:ffd0c5368496f41b0944be820fcb7a838aa6e623d250b01acf2643939c3f99d7", size = 4780323, upload-time = "2026-07-01T11:54:09.351Z" },
    { url = "https://files.pythonhosted.org/packages/25/27/ac8f99618ffd3dde21db0f4d4b1d2ab00c0880595bfd17df103f7f39fd0c/pillow-12.3.0-cp312-cp312-manylinux_2_27_aarch64.manylinux_2_28_aarch64.whl", hash = "sha256:d9c7f76c0673154f044e9d78c8655fb4213f6ca31a836df48b40fe5d187717b9", size = 6266838, upload-time = "2026-07-01T11:54:11.71Z" },
    { url = "https://files.pythonhosted.org/packages/84/21/a35af28dcc61f37ed850a2d64c65c701321dfbf25085e469d5559360cbbf/pillow-12.3.0-cp312-cp312-manylinux_2_27_x86_64.manylinux_2_28_x86_64.whl", hash = "sha256:78cb2c6865a35ab8ff8b75fd122f6033b92a62c82801110e48ddd6c936a45d91", size = 6940830, upload-time = "2026-07-01T11:54:13.732Z" },
    { url = "https://files.pythonhosted.org/packages/eb/51/8b08617af3ad95e33ce6d7dd2c99ed6c8298f7fb131636303956be022e25/pillow-12.3.0-cp312-cp312-musllinux_1_2_aarch64.whl", hash = "sha256:e491916b378fba47242221bb9ead245211b70d504f495d105d17b14a24b4907c", size = 6344383, upload-time = "2026-07-01T11:54:15.756Z" },
    { url = "https://files.pythonhosted.org/packages/1d/72/cf78ac9780bb93c28328f408973845a309d4d145041665f734572ced1b52/pillow-12.3.0-cp312-cp312-musllinux_1_2_x86_64.whl", hash = "sha256:0dd2064cbc55aaec028ef5fbb60fa47bb6c3e7918e07ff17935284b227a9d2df", size = 7052934, upload-time = "2026-07-01T11:54:17.721Z" },
    { url = "https://files.pythonhosted.org/packages/20/20/25e0f4dc178a6bc0696793720055519a0de89e7661dae886992decbd2f81/pillow-12.3.0-cp312-cp312-win32.whl", hash = "sha256:dbce0b29841537a2fa4a214c2bbf14de3587c9680caa9b4e217568472490b28f", size = 6472684, upload-time = "2026-07-01T11:54:19.839Z" },
    { url = "https://files.pythonhosted.org/packages/45/89/da2f7971a317f83d807fdd4065c0af40208e59e692cc43d315a71a0e96d1/pillow-12.3.0-cp312-cp312-win_amd64.whl", hash = "sha256:a2b55dd6b2a4c4b7d87ffa56bdb33fdc5fdb9a462173861a7bc097f17d91cb09", size = 7227137, upload-time = "2026-07-01T11:54:22.025Z" },
    { url = "https://files.pythonhosted.org/packages/de/47/4845a0a6c0dbf1db8456bd9fc791f13c5ced7ced20606d08a0aacfd25b49/pillow-12.3.0-cp312-cp312-win_arm64.whl", hash = "sha256:331b624368d4f1d069149002f25f44bc61c8919ce8ddb3c45bdad8f6e2d89510", size = 2568267, upload-time = "2026-07-01T11:54:24.051Z" },
]

[[package]]
name = "pluggy"
version = "1.6.0"
source = { registry = "https://pypi.org/simple" }
sdist = { url = "https://files.pythonhosted.org/packages/f9/e2/3e91f31a7d2b083fe6ef3fa267035b518369d9511ffab804f839851d2779/pluggy-1.6.0.tar.gz", hash = "sha256:7dcc130b76258d33b90f61b658791dede3486c3e6bfb003ee5c9bfb396dd22f3", size = 69412, upload-time = "2025-05-15T12:30:07.975Z" }
wheels = [
    { url = "https://files.pythonhosted.org/packages/54/20/4d324d65cc6d9205fabedc306948156824eb9f0ee1633355a8f7ec5c66bf/pluggy-1.6.0-py3-none-any.whl", hash = "sha256:e920276dd6813095e9377c0bc5566d94c932c33b27a3e3945d8389c374dd4746", size = 20538, upload-time = "2025-05-15T12:30:06.134Z" },
]

[[package]]
name = "pygments"
version = "2.21.0"
source = { registry = "https://pypi.org/simple" }
sdist = { url = "https://files.pythonhosted.org/packages/49/2e/ced460408999b33da6b31b0021b0f37d329e202d4169aeb164493778f25b/pygments-2.21.0.tar.gz", hash = "sha256:610ca751c9bc2492b38eb9a38a7fbc93edbbb2d7182edaf34e66ae493dee5c8c", size = 5005329, upload-time = "2026-08-17T08:02:48.824Z" }
wheels = [
    { url = "https://files.pythonhosted.org/packages/71/46/17f022dd3e953bf20a04a028a21ec746d942f8d2af30fa0f124fa0e6a684/pygments-2.21.0-py3-none-any.whl", hash = "sha256:2363c69b61c4a97c838da3b130dcd6468f4848992b21a82f2a63ec34377137d9", size = 1250147, upload-time = "2026-08-17T08:02:44.912Z" },
]

[[package]]
name = "pytest"
version = "9.1.1"
source = { registry = "https://pypi.org/simple" }
dependencies = [
    { name = "colorama", marker = "sys_platform == 'win32'" },
    { name = "iniconfig" },
    { name = "packaging" },
    { name = "pluggy" },
    { name = "pygments" },
]
sdist = { url = "https://files.pythonhosted.org/packages/e4/47/b9efed96c114afcfa3c9d3fe98a76a1d14c74a9e266d397cf6eb64be5e01/pytest-9.1.1.tar.gz", hash = "sha256:1088fbde8f2b49d95a549a195707afa7a76a3ce9bcadc26b6d71f0ffda5fe313", size = 1636369, upload-time = "2026-06-19T10:58:32.857Z" }
wheels = [
    { url = "https://files.pythonhosted.org/packages/24/25/1de2678b631f5a49215c6c96fff41ba892b0a34df68d6d80292b1b48aa7f/pytest-9.1.1-py3-none-any.whl", hash = "sha256:37a86b45efb9a47a61a36449063e8e18d0cab3161329fc099eb21783169c4f0c", size = 386536, upload-time = "2026-06-19T10:58:31.347Z" },
]

[[package]]
name = "resvg-py"
version = "0.5.0"
source = { registry = "https://pypi.org/simple" }
sdist = { url = "https://files.pythonhosted.org/packages/2a/64/a24f8f29d8bf158e01f6ccad68a1366afd922dc0f0977cbd0c0aaa7a22f2/resvg_py-0.5.0.tar.gz", hash = "sha256:6d3bf8e866b4e129524d9432a809138b2d100931d8d635bc81294002abcdfd46", size = 1756395, upload-time = "2026-08-24T19:43:27.663Z" }
wheels = [
    { url = "https://files.pythonhosted.org/packages/47/89/49f7c84a2a3fc3d2b9973134f72f95467a40acfbc7ca5d820aeb06af6e79/resvg_py-0.5.0-cp310-abi3-android_24_arm64_v8a.whl", hash = "sha256:2715f2b88ce2cf91f57ff37bb34c5909c8007de431d488e9c3ebf6cf2d69c91b", size = 1370989, upload-time = "2026-08-24T19:42:09.747Z" },
    { url = "https://files.pythonhosted.org/packages/6b/d1/09ebd099134589225861e0668c9fdff103b0450df0e399689787a0d8962f/resvg_py-0.5.0-cp310-abi3-android_24_x86_64.whl", hash = "sha256:9901e2f9ce53e7535d2676123c8d4894bff040f52821e54192605b5dd4fb5af9", size = 1366983, upload-time = "2026-08-24T19:42:11.479Z" },
    { url = "https://files.pythonhosted.org/packages/ed/36/3408156e9cba54d1ef5793377f39be4096660933cc6df155ba425315bf09/resvg_py-0.5.0-cp310-abi3-macosx_10_12_x86_64.whl", hash = "sha256:9d3f5c2544d6b5f74847513e07e6ab6a70f9e7f0d8a141bc16bd4b0c555f4234", size = 1261946, upload-time = "2026-08-24T19:42:12.703Z" },
    { url = "https://files.pythonhosted.org/packages/74/bf/4083b177388125e5ce2ab9fa4cd9efd881fa133dd97e5b2d4ca68e543256/resvg_py-0.5.0-cp310-abi3-macosx_11_0_arm64.whl", hash = "sha256:7b43f942157f5d16126e108dab8ab37e4bc2b198099e5f6274b753a3b1ac7b6e", size = 1216814, upload-time = "2026-08-24T19:42:13.943Z" },
    { url = "https://files.pythonhosted.org/packages/52/92/1dfd0d7b5f8dbb16f9c889bba0d7477ab514d1f2a81a5f904662215103bc/resvg_py-0.5.0-cp310-abi3-manylinux_2_17_aarch64.manylinux2014_aarch64.whl", hash = "sha256:1e66216f78c84a27d34ce75f4535d8e26565771be4f1848ddc71e8a7ce78973a", size = 1414542, upload-time = "2026-08-24T19:42:15.538Z" },
    { url = "https://files.pythonhosted.org/packages/13/99/a77f933e6cc355fd168f6eae2e23b5d361cb61531bfb83477f9816a62a49/resvg_py-0.5.0-cp310-abi3-manylinux_2_17_armv7l.manylinux2014_armv7l.whl", hash = "sha256:977921f22b0a3283e6cd121339a2aff51d0df3b542ce7a5f96fa3a87f8d65106", size = 1321567, upload-time = "2026-08-24T19:42:17.142Z" },
    { url = "https://files.pythonhosted.org/packages/8e/e0/a9d0cf6cee5fb1bf3abdba760821f76e1c979f81923c0bf54279dd1a285e/resvg_py-0.5.0-cp310-abi3-manylinux_2_17_ppc64le.manylinux2014_ppc64le.whl", hash = "sha256:9da8e52d7d5d16b288aa47fa830fd66301a6b6f135f9f37fa9f4854b7a722e6d", size = 1501716, upload-time = "2026-08-24T19:42:18.482Z" },
    { url = "https://files.pythonhosted.org/packages/5e/f2/cf7390e196923a0f591981d3f2754f70825f0a8b206d0778866806ba1159/resvg_py-0.5.0-cp310-abi3-manylinux_2_17_s390x.manylinux2014_s390x.whl", hash = "sha256:200baa4a01b6779d7b6f3fa31e5eabfc5ab594a1317d75853ee73c5229686599", size = 1450509, upload-time = "2026-08-24T19:42:19.601Z" },
    { url = "https://files.pythonhosted.org/packages/9e/08/217f2289ceb16a4eafd9c9c6f69aa3221ef047a6abe4ff1ce5c8d6be87d8/resvg_py-0.5.0-cp310-abi3-manylinux_2_17_x86_64.manylinux2014_x86_64.whl", hash = "sha256:84f2378ecc7a8e38b03429efaefc816daec1b1970114909a6f973393b297c91b", size = 1405807, upload-time = "2026-08-24T19:42:20.75Z" },
    { url = "https://files.pythonhosted.org/packages/9b/d6/b3b9411b5b812799621ee43844552cbf7c0ddc2d5a552f5e91ba808ac67c/resvg_py-0.5.0-cp310-abi3-manylinux_2_5_i686.manylinux1_i686.whl", hash = "sha256:9ebcc40941811b49001ad4e721aa87f489b74c0132ff3fcbceed97305c944749", size = 1491386, upload-time = "2026-08-24T19:42:22.131Z" },
    { url = "https://files.pythonhosted.org/packages/d8/e6/5d8e0fac79e19ec95db6902ab03f3e681a69183a0a959fb081a7385c9e7e/resvg_py-0.5.0-cp310-abi3-musllinux_1_2_aarch64.whl", hash = "sha256:7c3e8c2324fc2bcf03c1010b7987adf5ff4ce43e8fc1a7c9b8271cbbcca6ba37", size = 1593186, upload-time = "2026-08-24T19:42:24.057Z" },
    { url = "https://files.pythonhosted.org/packages/a4/81/db56ea6225d0294dfc5e96fa18d16231e33cd1812a75c4cf03e8e17586cc/resvg_py-0.5.0-cp310-abi3-musllinux_1_2_armv7l.whl", hash = "sha256:4a5db1a607059a48f5d4c20c7363e4888e001b11a04465d36e3ca77a511651eb", size = 1600258, upload-time = "2026-08-24T19:42:26.11Z" },
    { url = "https://files.pythonhosted.org/packages/24/66/43c32a28e5d19ada46c8589cb3eaef5db0dc151be1aec0e86a68b9534ba7/resvg_py-0.5.0-cp310-abi3-musllinux_1_2_i686.whl", hash = "sha256:d54a8c85e7d6f4ba55f39c2330c7830d8c98a7dc205ca3c2ca069f9b11cb01c4", size = 1653522, upload-time = "2026-08-24T19:42:27.674Z" },
    { url = "https://files.pythonhosted.org/packages/65/01/91794e3dedcfaf93b780ecd4cf0061262fd2665034756773f7e768812389/resvg_py-0.5.0-cp310-abi3-musllinux_1_2_x86_64.whl", hash = "sha256:feee1ee6c2c0b64018c046a7604240c233c6cf14496e475238370c7d9a9db455", size = 1622060, upload-time = "2026-08-24T19:42:28.858Z" },
    { url = "https://files.pythonhosted.org/packages/dc/20/a7d7371a4104fd733702b942c396fd898510431ee3a1d2f7b4462da65117/resvg_py-0.5.0-cp310-abi3-win32.whl", hash = "sha256:45b2e66f76e7649155dc768c3cd1f5a94907d0086c2bde22da14c9ecbf9eda9a", size = 1204672, upload-time = "2026-08-24T19:42:30.191Z" },
    { url = "https://files.pythonhosted.org/packages/fe/53/aa8f92ce6eb2f97095d8b6359a1613c5a5ee0aa9b1a33434df9294362979/resvg_py-0.5.0-cp310-abi3-win_amd64.whl", hash = "sha256:1f6b8956c4143dbfe107bcd35799d0dfd778a40a8cd537893c0bf489898a6c3c", size = 1242277, upload-time = "2026-08-24T19:42:31.42Z" },
    { url = "https://files.pythonhosted.org/packages/56/64/e63614663df1404999802e82d462ffa534999c126067257bfba7d1de590c/resvg_py-0.5.0-cp310-abi3-win_arm64.whl", hash = "sha256:8016e2006c09953570af466e7674c398c1f255cb00022152b15e18f9e8ca3af8", size = 1153784, upload-time = "2026-08-24T19:42:32.607Z" },
    { url = "https://files.pythonhosted.org/packages/0e/d1/2f85ce0ec44642a849a57a709e121dd2fa934ea1a54d77bb31e8f4aea7e8/resvg_py-0.5.0-cp315-abi3.abi3t-macosx_10_12_x86_64.whl", hash = "sha256:51fa0564ad1a3e82307c1aed7222b66edeb3b8c595251709f929b0a819109da1", size = 1261198, upload-time = "2026-08-24T19:42:53.279Z" },
    { url = "https://files.pythonhosted.org/packages/51/0c/b7af93cfd9bbcd83a4c8970e17dcf4917f12d3b88b695fa9a9b86913d375/resvg_py-0.5.0-cp315-abi3.abi3t-macosx_11_0_arm64.whl", hash = "sha256:1f91870d5315168093d546777fccece4406ad2053c1908f5ceab3c39f2c49e7c", size = 1216652, upload-time = "2026-08-24T19:42:54.876Z" },
    { url = "https://files.pythonhosted.org/packages/85/e8/2d6dbd6cf5be1871248d9e6307b4f42e916a16d83c13590ace9dccb8f49f/resvg_py-0.5.0-cp315-abi3.abi3t-manylinux_2_17_aarch64.manylinux2014_aarch64.whl", hash = "sha256:d597eef189a8e728c8026417ea51b61720c83d2ed262b508362c4309cd57bc8a", size = 1412990, upload-time = "2026-08-24T19:42:56.491Z" },
    { url = "https://files.pythonhosted.org/packages/2d/10/c10989f4eebd61242134a0bc1e26a2eaf618cf911115e447ea570bfd9bdb/resvg_py-0.5.0-cp315-abi3.abi3t-manylinux_2_17_armv7l.manylinux2014_armv7l.whl", hash = "sha256:5befa08450f4248b9670e054f446065d0fc33c1a4ff302baaacc205ddee97b3c", size = 1320774, upload-time = "2026-08-24T19:42:57.697Z" },
    { url = "https://files.pythonhosted.org/packages/de/ae/b6416f0d984a445d2ba962dd39750dd0f79c16346517f8f98b595bbdb37c/resvg_py-0.5.0-cp315-abi3.abi3t-manylinux_2_17_ppc64le.manylinux2014_ppc64le.whl", hash = "sha256:17640c3bb2f4498a6aa61d256ec21257b32e68fd2564b509c4919f5171561b99", size = 1500202, upload-time = "2026-08-24T19:42:58.886Z" },
    { url = "https://files.pythonhosted.org/packages/5a/f2/f44bc28c82e3f21065a0b721ddae31769420747f99b807df83560dc75697/resvg_py-0.5.0-cp315-abi3.abi3t-manylinux_2_17_s390x.manylinux2014_s390x.whl", hash = "sha256:0fca2d6b28938e7fa7553a7f9c5f330b908c7fd8c50f4fe3d175ddcc5e958879", size = 1449452, upload-time = "2026-08-24T19:43:00.044Z" },
    { url = "https://files.pythonhosted.org/packages/e8/c9/c4cbcbbe45d327a669c4c346cdef9253a50e052c102da4fc92576e407041/resvg_py-0.5.0-cp315-abi3.abi3t-manylinux_2_17_x86_64.manylinux2014_x86_64.whl", hash = "sha256:8c4cc14543c29b753db751eace1dadcf0d58d77aa58be5370393bcfbcc1cbc2f", size = 1404433, upload-time = "2026-08-24T19:43:01.57Z" },
    { url = "https://files.pythonhosted.org/packages/60/03/7b7c89086cb7cbede4e21bcbbf2870d62564dcce71fc23fa97de67293ba5/resvg_py-0.5.0-cp315-abi3.abi3t-manylinux_2_5_i686.manylinux1_i686.whl", hash = "sha256:869e4ab0b8f4a403d6fac93d2c4e3df79488b9f6fd053ba0f4fa4ed45d456fe5", size = 1490660, upload-time = "2026-08-24T19:43:03.026Z" },
    { url = "https://files.pythonhosted.org/packages/99/07/4a9595a3c760c91006ac4753ced8daabd2c6d64024ca668e2867bb84a283/resvg_py-0.5.0-cp315-abi3.abi3t-musllinux_1_2_aarch64.whl", hash = "sha256:f322d7bf0ddab60156d6cf1883718b726c1c210bd7623e253756986798c5c83e", size = 1591455, upload-time = "2026-08-24T19:43:04.404Z" },
    { url = "https://files.pythonhosted.org/packages/a2/7e/c2151824834b6df07083489a959cab2b37ba3b1834cc5e576aeb95e86e92/resvg_py-0.5.0-cp315-abi3.abi3t-musllinux_1_2_armv7l.whl", hash = "sha256:55d65708e2dee0de77cccc0d03d21cd148a491c2bc6ef25542081db8eee74923", size = 1599781, upload-time = "2026-08-24T19:43:05.666Z" },
    { url = "https://files.pythonhosted.org/packages/cd/ef/573c43420a5c39758f9e2cf67e8834ad430935eaecfb71c7ba73457b65c5/resvg_py-0.5.0-cp315-abi3.abi3t-musllinux_1_2_i686.whl", hash = "sha256:04b32b1e2d7a848124d9b96bc7446ceae71ea144d950007e93c4a382f7ee134c", size = 1652940, upload-time = "2026-08-24T19:43:06.993Z" },
    { url = "https://files.pythonhosted.org/packages/5e/76/68290af871f9347e1e8c7e14c8b09251362c74cff406b5f94c6711e8b6a2/resvg_py-0.5.0-cp315-abi3.abi3t-musllinux_1_2_x86_64.whl", hash = "sha256:7fc91829a4d12d80071e9f4f191a9f459adf310919cbdf1377711b30dfa996b5", size = 1620456, upload-time = "2026-08-24T19:43:08.422Z" },
    { url = "https://files.pythonhosted.org/packages/bb/af/28e4758e087c6d3a3e691ecd67fd1304074b9bca4b5f1563ab6d1336a6a4/resvg_py-0.5.0-cp315-abi3.abi3t-win32.whl", hash = "sha256:f0c834262db96eac4d5767e1025c21efefa0ed0359bded8dfd4b79fc7549694f", size = 1204143, upload-time = "2026-08-24T19:43:09.706Z" },
    { url = "https://files.pythonhosted.org/packages/73/5c/5b0e68ce15bd87eaee64501427437f57bece008e15bf40dd759563f0038a/resvg_py-0.5.0-cp315-abi3.abi3t-win_amd64.whl", hash = "sha256:011111a4c3f46d409e989fe88ec783a3ffae1f3877092ab0351aaf2167fe399d", size = 1240349, upload-time = "2026-08-24T19:43:11.397Z" },
    { url = "https://files.pythonhosted.org/packages/62/e6/25b6616cebbce1412bb5fe8b037545f382b4da875bc614a97ff1ecd7aa28/resvg_py-0.5.0-cp315-abi3.abi3t-win_arm64.whl", hash = "sha256:66e5a7699f2b00024ed7e95ec53df05bb3da277ee5bc86f867d487e310e4d392", size = 1152399, upload-time = "2026-08-24T19:43:12.618Z" },
]

[[package]]
name = "scikit-image"
version = "0.26.0"
source = { registry = "https://pypi.org/simple" }
dependencies = [
    { name = "imageio" },
    { name = "lazy-loader" },
    { name = "networkx" },
    { name = "numpy" },
    { name = "packaging" },
    { name = "pillow" },
    { name = "scipy" },
    { name = "tifffile" },
]
sdist = { url = "https://files.pythonhosted.org/packages/a1/b4/2528bb43c67d48053a7a649a9666432dc307d66ba02e3a6d5c40f46655df/scikit_image-0.26.0.tar.gz", hash = "sha256:f5f970ab04efad85c24714321fcc91613fcb64ef2a892a13167df2f3e59199fa", size = 22729739, upload-time = "2025-12-20T17:12:21.824Z" }
wheels = [
    { url = "https://files.pythonhosted.org/packages/99/e8/e13757982264b33a1621628f86b587e9a73a13f5256dad49b19ba7dc9083/scikit_image-0.26.0-cp312-cp312-macosx_10_13_x86_64.whl", hash = "sha256:d454b93a6fa770ac5ae2d33570f8e7a321bb80d29511ce4b6b78058ebe176e8c", size = 12376452, upload-time = "2025-12-20T17:10:52.796Z" },
    { url = "https://files.pythonhosted.org/packages/e3/be/f8dd17d0510f9911f9f17ba301f7455328bf13dae416560126d428de9568/scikit_image-0.26.0-cp312-cp312-macosx_11_0_arm64.whl", hash = "sha256:3409e89d66eff5734cd2b672d1c48d2759360057e714e1d92a11df82c87cba37", size = 12061567, upload-time = "2025-12-20T17:10:55.207Z" },
    { url = "https://files.pythonhosted.org/packages/b3/2b/c70120a6880579fb42b91567ad79feb4772f7be72e8d52fec403a3dde0c6/scikit_image-0.26.0-cp312-cp312-manylinux_2_24_aarch64.manylinux_2_28_aarch64.whl", hash = "sha256:4c717490cec9e276afb0438dd165b7c3072d6c416709cc0f9f5a4c1070d23a44", size = 13084214, upload-time = "2025-12-20T17:10:57.468Z" },
    { url = "https://files.pythonhosted.org/packages/f4/a2/70401a107d6d7466d64b466927e6b96fcefa99d57494b972608e2f8be50f/scikit_image-0.26.0-cp312-cp312-manylinux_2_24_x86_64.manylinux_2_28_x86_64.whl", hash = "sha256:7df650e79031634ac90b11e64a9eedaf5a5e06fcd09bcd03a34be01745744466", size = 13561683, upload-time = "2025-12-20T17:10:59.49Z" },
    { url = "https://files.pythonhosted.org/packages/13/a5/48bdfd92794c5002d664e0910a349d0a1504671ef5ad358150f21643c79a/scikit_image-0.26.0-cp312-cp312-musllinux_1_2_aarch64.whl", hash = "sha256:cefd85033e66d4ea35b525bb0937d7f42d4cdcfed2d1888e1570d5ce450d3932", size = 14112147, upload-time = "2025-12-20T17:11:02.083Z" },
    { url = "https://files.pythonhosted.org/packages/ee/b5/ac71694da92f5def5953ca99f18a10fe98eac2dd0a34079389b70b4d0394/scikit_image-0.26.0-cp312-cp312-musllinux_1_2_x86_64.whl", hash = "sha256:3f5bf622d7c0435884e1e141ebbe4b2804e16b2dd23ae4c6183e2ea99233be70", size = 14661625, upload-time = "2025-12-20T17:11:04.528Z" },
    { url = "https://files.pythonhosted.org/packages/23/4d/a3cc1e96f080e253dad2251bfae7587cf2b7912bcd76fd43fd366ff35a87/scikit_image-0.26.0-cp312-cp312-win_amd64.whl", hash = "sha256:abed017474593cd3056ae0fe948d07d0747b27a085e92df5474f4955dd65aec0", size = 11911059, upload-time = "2025-12-20T17:11:06.61Z" },
    { url = "https://files.pythonhosted.org/packages/35/8a/d1b8055f584acc937478abf4550d122936f420352422a1a625eef2c605d8/scikit_image-0.26.0-cp312-cp312-win_arm64.whl", hash = "sha256:4d57e39ef67a95d26860c8caf9b14b8fb130f83b34c6656a77f191fa6d1d04d8", size = 11348740, upload-time = "2025-12-20T17:11:09.118Z" },
]

[[package]]
name = "scipy"
version = "1.18.1"
source = { registry = "https://pypi.org/simple" }
dependencies = [
    { name = "numpy" },
]
sdist = { url = "https://files.pythonhosted.org/packages/7e/74/66de6258867beb2ef08f35f9f2ac017a52cacd5081714d239ff1a442d458/scipy-1.18.1.tar.gz", hash = "sha256:52c4b7422442aba924d03ad4019852b08a92e64ea187b933135687bfe2747307", size = 30781235, upload-time = "2026-08-21T23:28:50.599Z" }
wheels = [
    { url = "https://files.pythonhosted.org/packages/18/f7/240c110c08693826b4513a52f5717d62ec7c7af72f2920821247c03b17b3/scipy-1.18.1-cp312-cp312-macosx_10_15_x86_64.whl", hash = "sha256:457fd7a2a8edeb044ab6ffbc0aa03ff6cd18491356e5e0c834d76ce621b916d1", size = 31111061, upload-time = "2026-08-21T23:23:44.522Z" },
    { url = "https://files.pythonhosted.org/packages/05/4a/78c6285577c375e7cf27277ea8ee6961224327f1e1a0c44af5f17f23635c/scipy-1.18.1-cp312-cp312-macosx_12_0_arm64.whl", hash = "sha256:e708533e8b2ae2497d65346538a7dcc92814410b25b81432eac66de0f2af8265", size = 28733332, upload-time = "2026-08-21T23:23:50.015Z" },
    { url = "https://files.pythonhosted.org/packages/a5/f6/a5b82f8abbe14d134691b8b903696f701d25a081353a29dc655c364d9e62/scipy-1.18.1-cp312-cp312-macosx_14_0_arm64.whl", hash = "sha256:7bbf207c4453ce1ad2e00b17313852b33310b83090c2311bdaf97f93c0380d12", size = 20475078, upload-time = "2026-08-21T23:23:54.138Z" },
    { url = "https://files.pythonhosted.org/packages/23/22/0858a0bbd6b3e825ceb8cd9baf9eaf3b2f2b1d77727eb6be40500bcdc92f/scipy-1.18.1-cp312-cp312-macosx_14_0_x86_64.whl", hash = "sha256:78c0665edead396b1abb4897c41a5c1d9bf090c8a637a4c20a61678e0a264e66", size = 23108904, upload-time = "2026-08-21T23:23:57.824Z" },
    { url = "https://files.pythonhosted.org/packages/75/9a/2e71719f31eaefe0e3a1706c4a1ded94e664bfd95ffca2b219a671faee01/scipy-1.18.1-cp312-cp312-manylinux_2_27_aarch64.manylinux_2_28_aarch64.whl", hash = "sha256:3c085faa2cfa879c5141df483f836f4d691045a078224a670fa570fa01612d89", size = 34025113, upload-time = "2026-08-21T23:24:02.209Z" },
    { url = "https://files.pythonhosted.org/packages/df/64/ff35eb9e54894cf471ff4716abd3c81eb0a0626869217ce3e6ba4ccf17d7/scipy-1.18.1-cp312-cp312-manylinux_2_27_x86_64.manylinux_2_28_x86_64.whl", hash = "sha256:f55fa87b6c612ecd6b058f167c53231b1d14e412efe361d3d6e38b3631c73218", size = 35344199, upload-time = "2026-08-21T23:24:07.844Z" },
    { url = "https://files.pythonhosted.org/packages/d3/af/c5538be1792f7034c12c7db6ee67cace58253c7b87b122d68253eaf5de89/scipy-1.18.1-cp312-cp312-musllinux_1_2_aarch64.whl", hash = "sha256:c35d74ce0e193ff740c2f2be2ac913ddc232fe6c1ff40b26cfecb9c670c63314", size = 35639587, upload-time = "2026-08-21T23:24:13.05Z" },
    { url = "https://files.pythonhosted.org/packages/91/4c/075e4f66471bac101141ac739e9e135549be1bae584571bd03a530c056e1/scipy-1.18.1-cp312-cp312-musllinux_1_2_x86_64.whl", hash = "sha256:d2924a03db38dc2e848bca2fe9f077dafb891480b91a00a0963a8cf86dfc31c1", size = 37480330, upload-time = "2026-08-21T23:24:19.608Z" },
    { url = "https://files.pythonhosted.org/packages/39/e7/979fd14e75008623df31ba70d6bb144700f68feadcea042021c06a05bf82/scipy-1.18.1-cp312-cp312-win_amd64.whl", hash = "sha256:5e4d44984abc0020154ea81b247adeddcc3ac5527b975ff798bd1ba0adc513c2", size = 36658278, upload-time = "2026-08-21T23:24:25.463Z" },
    { url = "https://files.pythonhosted.org/packages/c7/0b/e1525354ff9d7d5feb6d1b31af6d14072e5c91e9607b421fa1ec889660b3/scipy-1.18.1-cp312-cp312-win_arm64.whl", hash = "sha256:d65d448389b8436493abcf629cc94ad0cf32aecaf06e1acca1de53cc795f2f12", size = 24400588, upload-time = "2026-08-21T23:24:30.579Z" },
]

[[package]]
name = "tifffile"
version = "2026.9.20"
source = { registry = "https://pypi.org/simple" }
dependencies = [
    { name = "numpy" },
]
sdist = { url = "https://files.pythonhosted.org/packages/92/66/634db78ebad513038d753830dd8815eea26278b5463ba0f43198b0c24c4e/tifffile-2026.9.20.tar.gz", hash = "sha256:30e145a7042ce7143ae50a50fe8b7221b0070aae22adab8f9e79a264be6b5cdc", size = 449417, upload-time = "2026-09-21T03:59:40.055Z" }
wheels = [
    { url = "https://files.pythonhosted.org/packages/05/bf/04f3e61cb20a03678ca43f29bae9a7d0b7d9f563b86f5f600b2d8fba9712/tifffile-2026.9.20-py3-none-any.whl", hash = "sha256:9b913167b8f66a57f2e7c0454486c4c4607196d494797461226166bd0755c0e6", size = 275004, upload-time = "2026-09-21T03:59:38.46Z" },
]

[[package]]
name = "tomlkit"
version = "0.15.1"
source = { registry = "https://pypi.org/simple" }
sdist = { url = "https://files.pythonhosted.org/packages/94/96/e07752635b98536177fa1f37671c8f3cdde2e724c6bcf6034b2cfb571565/tomlkit-0.15.1.tar.gz", hash = "sha256:e25bbf38843005246210a12982776f27f99cb9be67160e14434d0c0d21ee1e97", size = 180129, upload-time = "2026-07-17T01:48:04.562Z" }
wheels = [
    { url = "https://files.pythonhosted.org/packages/13/bc/8c13eb66537dce1d2bd3a57132902f38d0e7f5bb46fa9f4daed9fe9d76ee/tomlkit-0.15.1-py3-none-any.whl", hash = "sha256:177a05aece5a8ca5266fd3c448abb47b8d352f09d477d3ca8332db4d89b24304", size = 49449, upload-time = "2026-07-17T01:48:05.728Z" },
]

[[package]]
name = "trove-classifiers"
version = "2026.9.21.13"
source = { registry = "https://pypi.org/simple" }
sdist = { url = "https://files.pythonhosted.org/packages/bf/93/af436dfaa845cab5d96f0adbc1e4f3730532d37fa249e4eb796fb1d7fc82/trove_classifiers-2026.9.21.13.tar.gz", hash = "sha256:0a9ebc8d4e2f3e8a22848c5258033035bec17a3012ac3fea16dbaa764489eb71", size = 17085, upload-time = "2026-09-21T13:29:07.301Z" }
wheels = [
    { url = "https://files.pythonhosted.org/packages/30/81/0da8afb52a71d0a4f2bd3152357b1a441e393b286374802b9d3addab4ab5/trove_classifiers-2026.9.21.13-py3-none-any.whl", hash = "sha256:8b1ff4f9c191b1040b71c37f1e445ab99732911e3cd91de52838453a854d7a17", size = 14232, upload-time = "2026-09-21T13:29:06.123Z" },
]

[[package]]
name = "vecanima"
version = "0.1.0"
source = { editable = "." }
dependencies = [
    { name = "numpy" },
    { name = "opencv-contrib-python-headless" },
    { name = "resvg-py" },
    { name = "scikit-image" },
    { name = "scipy" },
]

[package.optional-dependencies]
dev = [
    { name = "editables" },
    { name = "hatchling" },
    { name = "pytest" },
]

[package.metadata]
requires-dist = [
    { name = "editables", marker = "extra == 'dev'", specifier = ">=0.6" },
    { name = "hatchling", marker = "extra == 'dev'", specifier = ">=1.32.4" },
    { name = "numpy", specifier = ">=2,<3" },
    { name = "opencv-contrib-python-headless", specifier = ">=4.10,<5" },
    { name = "pytest", marker = "extra == 'dev'", specifier = ">=8,<10" },
    { name = "resvg-py", specifier = ">=0.2,<1" },
    { name = "scikit-image", specifier = ">=0.25,<1" },
    { name = "scipy", specifier = ">=1.14,<2" },
]
provides-extras = ["dev"]
